
Microsoft Visual Studio Solution File, Format Version 12.00
# Visual Studio Version 17
VisualStudioVersion = 17.1.32210.238
MinimumVisualStudioVersion = 10.0.40219.1
Project("{9A19103F-16F7-4668-BE54-9A1E7A4F7556}") = "resampling_audio", "resampling_audio\resampling_audio.csproj", "{D064B3DA-7432-43B3-BE8C-11C1A8FFE66E}"
EndProject
Project("{2150E333-8FDC-42A3-9474-1A3956D46DE8}") = "Libraries", "Libraries", "{7040E459-1378-4273-9DB8-6CB9E854F319}"
EndProject
Project("{2150E333-8FDC-42A3-9474-1A3956D46DE8}") = "x64", "x64", "{89A458A2-C0A3-4505-90B6-B327240BBE94}"
	ProjectSection(SolutionItems) = preProject
		Libraries\x64\avcodec-59.dll = Libraries\x64\avcodec-59.dll
		Libraries\x64\avdevice-59.dll = Libraries\x64\avdevice-59.dll
		Libraries\x64\avfilter-8.dll = Libraries\x64\avfilter-8.dll
		Libraries\x64\avformat-59.dll = Libraries\x64\avformat-59.dll
		Libraries\x64\avutil-57.dll = Libraries\x64\avutil-57.dll
		Libraries\x64\postproc-56.dll = Libraries\x64\postproc-56.dll
		Libraries\x64\swresample-4.dll = Libraries\x64\swresample-4.dll
		Libraries\x64\swscale-6.dll = Libraries\x64\swscale-6.dll
	EndProjectSection
EndProject
Project("{9A19103F-16F7-4668-BE54-9A1E7A4F7556}") = "qsvdec", "qsvdec\qsvdec.csproj", "{C906961E-D4AC-4352-9070-487DEC21AF5F}"
EndProject
Project("{2150E333-8FDC-42A3-9474-1A3956D46DE8}") = "Samples", "Samples", "{60F62A4B-48DA-418E-A185-C63C765C9615}"
	ProjectSection(SolutionItems) = preProject
		Samples\file_example_MP4_1920_18MG.mp4 = Samples\file_example_MP4_1920_18MG.mp4
		Samples\mpeg1video_q0_naked.m1v = Samples\mpeg1video_q0_naked.m1v
		Samples\sample-10s.mp4 = Samples\sample-10s.mp4
		Samples\sample-12s.mp2 = Samples\sample-12s.mp2
		Samples\sample-12s.mp3 = Samples\sample-12s.mp3
	EndProjectSection
EndProject
Project("{9A19103F-16F7-4668-BE54-9A1E7A4F7556}") = "muxing", "muxing\muxing.csproj", "{1BC7EA53-1CB9-400B-9431-491C3A2F45B4}"
EndProject
Project("{9A19103F-16F7-4668-BE54-9A1E7A4F7556}") = "avio_reading", "avio_reading\avio_reading.csproj", "{0F657D43-C181-4748-9DAB-1B3F60AB0FA9}"
EndProject
Project("{9A19103F-16F7-4668-BE54-9A1E7A4F7556}") = "filtering_video", "filtering_video\filtering_video.csproj", "{84A4AA31-5B9B-4E6F-8629-B92AE3C17BFF}"
EndProject
Project("{9A19103F-16F7-4668-BE54-9A1E7A4F7556}") = "encode_video", "encode_video\encode_video.csproj", "{5377031E-9FBB-4663-80AA-B7FB57D022B6}"
EndProject
Project("{9A19103F-16F7-4668-BE54-9A1E7A4F7556}") = "demuxing_decoding", "demuxing_decoding\demuxing_decoding.csproj", "{8DEBD475-7760-40C9-8438-8C66F21E6305}"
EndProject
Project("{9A19103F-16F7-4668-BE54-9A1E7A4F7556}") = "transcode_aac", "transcode_aac\transcode_aac.csproj", "{76128DCF-02F2-4836-8885-90186B59D3F6}"
EndProject
Project("{9A19103F-16F7-4668-BE54-9A1E7A4F7556}") = "hw_decode", "hw_decode\hw_decode.csproj", "{3A823208-6B59-455A-935A-2C1615FD54A8}"
EndProject
Project("{9A19103F-16F7-4668-BE54-9A1E7A4F7556}") = "decode_audio", "decode_audio\decode_audio.csproj", "{C036CB78-AD3A-4317-91FB-8DDF7A55A484}"
EndProject
Project("{9A19103F-16F7-4668-BE54-9A1E7A4F7556}") = "decode_video", "decode_video\decode_video.csproj", "{9E092FDB-145F-4CA1-A23D-38FEB92FDF0C}"
EndProject
Global
	GlobalSection(SolutionConfigurationPlatforms) = preSolution
		Debug|Any CPU = Debug|Any CPU
		Release|Any CPU = Release|Any CPU
	EndGlobalSection
	GlobalSection(ProjectConfigurationPlatforms) = postSolution
		{D064B3DA-7432-43B3-BE8C-11C1A8FFE66E}.Debug|Any CPU.ActiveCfg = Debug|Any CPU
		{D064B3DA-7432-43B3-BE8C-11C1A8FFE66E}.Debug|Any CPU.Build.0 = Debug|Any CPU
		{D064B3DA-7432-43B3-BE8C-11C1A8FFE66E}.Release|Any CPU.ActiveCfg = Release|Any CPU
		{D064B3DA-7432-43B3-BE8C-11C1A8FFE66E}.Release|Any CPU.Build.0 = Release|Any CPU
		{C906961E-D4AC-4352-9070-487DEC21AF5F}.Debug|Any CPU.ActiveCfg = Debug|Any CPU
		{C906961E-D4AC-4352-9070-487DEC21AF5F}.Debug|Any CPU.Build.0 = Debug|Any CPU
		{C906961E-D4AC-4352-9070-487DEC21AF5F}.Release|Any CPU.ActiveCfg = Release|Any CPU
		{C906961E-D4AC-4352-9070-487DEC21AF5F}.Release|Any CPU.Build.0 = Release|Any CPU
		{1BC7EA53-1CB9-400B-9431-491C3A2F45B4}.Debug|Any CPU.ActiveCfg = Debug|Any CPU
		{1BC7EA53-1CB9-400B-9431-491C3A2F45B4}.Debug|Any CPU.Build.0 = Debug|Any CPU
		{1BC7EA53-1CB9-400B-9431-491C3A2F45B4}.Release|Any CPU.ActiveCfg = Release|Any CPU
		{1BC7EA53-1CB9-400B-9431-491C3A2F45B4}.Release|Any CPU.Build.0 = Release|Any CPU
		{0F657D43-C181-4748-9DAB-1B3F60AB0FA9}.Debug|Any CPU.ActiveCfg = Debug|Any CPU
		{0F657D43-C181-4748-9DAB-1B3F60AB0FA9}.Debug|Any CPU.Build.0 = Debug|Any CPU
		{0F657D43-C181-4748-9DAB-1B3F60AB0FA9}.Release|Any CPU.ActiveCfg = Release|Any CPU
		{0F657D43-C181-4748-9DAB-1B3F60AB0FA9}.Release|Any CPU.Build.0 = Release|Any CPU
		{84A4AA31-5B9B-4E6F-8629-B92AE3C17BFF}.Debug|Any CPU.ActiveCfg = Debug|Any CPU
		{84A4AA31-5B9B-4E6F-8629-B92AE3C17BFF}.Debug|Any CPU.Build.0 = Debug|Any CPU
		{84A4AA31-5B9B-4E6F-8629-B92AE3C17BFF}.Release|Any CPU.ActiveCfg = Release|Any CPU
		{84A4AA31-5B9B-4E6F-8629-B92AE3C17BFF}.Release|Any CPU.Build.0 = Release|Any CPU
		{5377031E-9FBB-4663-80AA-B7FB57D022B6}.Debug|Any CPU.ActiveCfg = Debug|Any CPU
		{5377031E-9FBB-4663-80AA-B7FB57D022B6}.Debug|Any CPU.Build.0 = Debug|Any CPU
		{5377031E-9FBB-4663-80AA-B7FB57D022B6}.Release|Any CPU.ActiveCfg = Release|Any CPU
		{5377031E-9FBB-4663-80AA-B7FB57D022B6}.Release|Any CPU.Build.0 = Release|Any CPU
		{8DEBD475-7760-40C9-8438-8C66F21E6305}.Debug|Any CPU.ActiveCfg = Debug|Any CPU
		{8DEBD475-7760-40C9-8438-8C66F21E6305}.Debug|Any CPU.Build.0 = Debug|Any CPU
		{8DEBD475-7760-40C9-8438-8C66F21E6305}.Release|Any CPU.ActiveCfg = Release|Any CPU
		{8DEBD475-7760-40C9-8438-8C66F21E6305}.Release|Any CPU.Build.0 = Release|Any CPU
		{76128DCF-02F2-4836-8885-90186B59D3F6}.Debug|Any CPU.ActiveCfg = Debug|Any CPU
		{76128DCF-02F2-4836-8885-90186B59D3F6}.Debug|Any CPU.Build.0 = Debug|Any CPU
		{76128DCF-02F2-4836-8885-90186B59D3F6}.Release|Any CPU.ActiveCfg = Release|Any CPU
		{76128DCF-02F2-4836-8885-90186B59D3F6}.Release|Any CPU.Build.0 = Release|Any CPU
		{3A823208-6B59-455A-935A-2C1615FD54A8}.Debug|Any CPU.ActiveCfg = Debug|Any CPU
		{3A823208-6B59-455A-935A-2C1615FD54A8}.Debug|Any CPU.Build.0 = Debug|Any CPU
		{3A823208-6B59-455A-935A-2C1615FD54A8}.Release|Any CPU.ActiveCfg = Release|Any CPU
		{3A823208-6B59-455A-935A-2C1615FD54A8}.Release|Any CPU.Build.0 = Release|Any CPU
		{C036CB78-AD3A-4317-91FB-8DDF7A55A484}.Debug|Any CPU.ActiveCfg = Debug|Any CPU
		{C036CB78-AD3A-4317-91FB-8DDF7A55A484}.Debug|Any CPU.Build.0 = Debug|Any CPU
		{C036CB78-AD3A-4317-91FB-8DDF7A55A484}.Release|Any CPU.ActiveCfg = Release|Any CPU
		{C036CB78-AD3A-4317-91FB-8DDF7A55A484}.Release|Any CPU.Build.0 = Release|Any CPU
		{9E092FDB-145F-4CA1-A23D-38FEB92FDF0C}.Debug|Any CPU.ActiveCfg = Debug|Any CPU
		{9E092FDB-145F-4CA1-A23D-38FEB92FDF0C}.Debug|Any CPU.Build.0 = Debug|Any CPU
		{9E092FDB-145F-4CA1-A23D-38FEB92FDF0C}.Release|Any CPU.ActiveCfg = Release|Any CPU
		{9E092FDB-145F-4CA1-A23D-38FEB92FDF0C}.Release|Any CPU.Build.0 = Release|Any CPU
	EndGlobalSection
	GlobalSection(SolutionProperties) = preSolution
		HideSolutionNode = FALSE
	EndGlobalSection
	GlobalSection(NestedProjects) = preSolution
		{89A458A2-C0A3-4505-90B6-B327240BBE94} = {7040E459-1378-4273-9DB8-6CB9E854F319}
	EndGlobalSection
	GlobalSection(ExtensibilityGlobals) = postSolution
		SolutionGuid = {B2760E8A-5840-465B-AC28-B14FD6661258}
	EndGlobalSection
EndGlobal
